# This file is generated by running "yarn install" inside your project.
# Manual changes might be lost - proceed with caution!

__metadata:
  version: 7
  cacheKey: 9

"@esbuild/android-arm64@npm:0.17.19":
  version: 0.17.19
  resolution: "@esbuild/android-arm64@npm:0.17.19"
  conditions: os=android & cpu=arm64
  languageName: node
  linkType: hard

"@esbuild/android-arm@npm:0.17.19":
  version: 0.17.19
  resolution: "@esbuild/android-arm@npm:0.17.19"
  conditions: os=android & cpu=arm
  languageName: node
  linkType: hard

"@esbuild/android-x64@npm:0.17.19":
  version: 0.17.19
  resolution: "@esbuild/android-x64@npm:0.17.19"
  conditions: os=android & cpu=x64
  languageName: node
  linkType: hard

"@esbuild/darwin-arm64@npm:0.17.19":
  version: 0.17.19
  resolution: "@esbuild/darwin-arm64@npm:0.17.19"
  conditions: os=darwin & cpu=arm64
  languageName: node
  linkType: hard

"@esbuild/darwin-x64@npm:0.17.19":
  version: 0.17.19
  resolution: "@esbuild/darwin-x64@npm:0.17.19"
  conditions: os=darwin & cpu=x64
  languageName: node
  linkType: hard

"@esbuild/freebsd-arm64@npm:0.17.19":
  version: 0.17.19
  resolution: "@esbuild/freebsd-arm64@npm:0.17.19"
  conditions: os=freebsd & cpu=arm64
  languageName: node
  linkType: hard

"@esbuild/freebsd-x64@npm:0.17.19":
  version: 0.17.19
  resolution: "@esbuild/freebsd-x64@npm:0.17.19"
  conditions: os=freebsd & cpu=x64
  languageName: node
  linkType: hard

"@esbuild/linux-arm64@npm:0.17.19":
  version: 0.17.19
  resolution: "@esbuild/linux-arm64@npm:0.17.19"
  conditions: os=linux & cpu=arm64
  languageName: node
  linkType: hard

"@esbuild/linux-arm@npm:0.17.19":
  version: 0.17.19
  resolution: "@esbuild/linux-arm@npm:0.17.19"
  conditions: os=linux & cpu=arm
  languageName: node
  linkType: hard

"@esbuild/linux-ia32@npm:0.17.19":
  version: 0.17.19
  resolution: "@esbuild/linux-ia32@npm:0.17.19"
  conditions: os=linux & cpu=ia32
  languageName: node
  linkType: hard

"@esbuild/linux-loong64@npm:0.17.19":
  version: 0.17.19
  resolution: "@esbuild/linux-loong64@npm:0.17.19"
  conditions: os=linux & cpu=loong64
  languageName: node
  linkType: hard

"@esbuild/linux-mips64el@npm:0.17.19":
  version: 0.17.19
  resolution: "@esbuild/linux-mips64el@npm:0.17.19"
  conditions: os=linux & cpu=mips64el
  languageName: node
  linkType: hard

"@esbuild/linux-ppc64@npm:0.17.19":
  version: 0.17.19
  resolution: "@esbuild/linux-ppc64@npm:0.17.19"
  conditions: os=linux & cpu=ppc64
  languageName: node
  linkType: hard

"@esbuild/linux-riscv64@npm:0.17.19":
  version: 0.17.19
  resolution: "@esbuild/linux-riscv64@npm:0.17.19"
  conditions: os=linux & cpu=riscv64
  languageName: node
  linkType: hard

"@esbuild/linux-s390x@npm:0.17.19":
  version: 0.17.19
  resolution: "@esbuild/linux-s390x@npm:0.17.19"
  conditions: os=linux & cpu=s390x
  languageName: node
  linkType: hard

"@esbuild/linux-x64@npm:0.17.19":
  version: 0.17.19
  resolution: "@esbuild/linux-x64@npm:0.17.19"
  conditions: os=linux & cpu=x64
  languageName: node
  linkType: hard

"@esbuild/netbsd-x64@npm:0.17.19":
  version: 0.17.19
  resolution: "@esbuild/netbsd-x64@npm:0.17.19"
  conditions: os=netbsd & cpu=x64
  languageName: node
  linkType: hard

"@esbuild/openbsd-x64@npm:0.17.19":
  version: 0.17.19
  resolution: "@esbuild/openbsd-x64@npm:0.17.19"
  conditions: os=openbsd & cpu=x64
  languageName: node
  linkType: hard

"@esbuild/sunos-x64@npm:0.17.19":
  version: 0.17.19
  resolution: "@esbuild/sunos-x64@npm:0.17.19"
  conditions: os=sunos & cpu=x64
  languageName: node
  linkType: hard

"@esbuild/win32-arm64@npm:0.17.19":
  version: 0.17.19
  resolution: "@esbuild/win32-arm64@npm:0.17.19"
  conditions: os=win32 & cpu=arm64
  languageName: node
  linkType: hard

"@esbuild/win32-ia32@npm:0.17.19":
  version: 0.17.19
  resolution: "@esbuild/win32-ia32@npm:0.17.19"
  conditions: os=win32 & cpu=ia32
  languageName: node
  linkType: hard

"@esbuild/win32-x64@npm:0.17.19":
  version: 0.17.19
  resolution: "@esbuild/win32-x64@npm:0.17.19"
  conditions: os=win32 & cpu=x64
  languageName: node
  linkType: hard

"@line/bot-sdk@npm:^7.5.2":
  version: 7.5.2
  resolution: "@line/bot-sdk@npm:7.5.2"
  dependencies:
    "@types/body-parser": "npm:^1.19.2"
    "@types/node": "npm:^16.0.0"
    axios: "npm:^0.27.0"
    body-parser: "npm:^1.20.0"
    file-type: "npm:^16.5.4"
    form-data: "npm:^4.0.0"
  checksum: 64b3ad3daed76881b2265d8442874daf84dabd49feeed89907ce93ccaf36a7311e85a71614e3bbf136de2e88ab88f9a300993ee6363bf8a3a95ee0cef5dc1c9c
  languageName: node
  linkType: hard

"@tokenizer/token@npm:^0.3.0":
  version: 0.3.0
  resolution: "@tokenizer/token@npm:0.3.0"
  checksum: 0154f4fecd335fc121f78d1a697d90833943c855be7f39f22012f1ac75f6241b37f07025ad4ce6ec2576730e2253d4ef2698364a20d93b749bcdb393dafed93e
  languageName: node
  linkType: hard

"@tsconfig/recommended@npm:^1.0.2":
  version: 1.0.2
  resolution: "@tsconfig/recommended@npm:1.0.2"
  checksum: 7b67236807d9b024773cbfcd2459c7111558b775929b4a3d26d69a19f49bcb784d3bf285718799d48c8a1e60c615195decc0816a66677b71ffaa64a4598ada6b
  languageName: node
  linkType: hard

"@types/aws-lambda@npm:^8.10.119":
  version: 8.10.119
  resolution: "@types/aws-lambda@npm:8.10.119"
  checksum: 778f5f8beceb66ac6436d9b43e33dfdcc71b9ce0b078d220e6b6688da8cbdf63721e396e4b789c7babe34da04509ae64e56e1f19d516dc6f3624751453f5a091
  languageName: node
  linkType: hard

"@types/body-parser@npm:^1.19.2":
  version: 1.19.2
  resolution: "@types/body-parser@npm:1.19.2"
  dependencies:
    "@types/connect": "npm:*"
    "@types/node": "npm:*"
  checksum: 839e71535a3085c49da7c4d64ab98b35056c3d7ae069b06f4731c0980d738267a2c46ba5ffba0702aece8c61a877272f9a20d89929000fead4aac5098793d0fb
  languageName: node
  linkType: hard

"@types/connect@npm:*":
  version: 3.4.35
  resolution: "@types/connect@npm:3.4.35"
  dependencies:
    "@types/node": "npm:*"
  checksum: 1fffce36ab2abf23023d8bb0f5c35c481cb97d116e6a1b206668be9dd57ffa9ae705256d232461fe05c6007c03a0fb7f1600256643ccc08b62d6f67214b1bb75
  languageName: node
  linkType: hard

"@types/node@npm:*":
  version: 18.15.3
  resolution: "@types/node@npm:18.15.3"
  checksum: 658d687cb6d88ccbb7d073fc583a0c88eb75936b64a6d43a6f06e320bf39384e35e3f5f4c88aa65c833a25cbe76080414bbfde54207050399b350e08aea70ada
  languageName: node
  linkType: hard

"@types/node@npm:18.16.19":
  version: 18.16.19
  resolution: "@types/node@npm:18.16.19"
  checksum: 3ed2cce61992ec42a3700961f58942c723fa4430e548e6bb4d656e5a1e51a2df2a0a752fd84725f644aef09fa9c9818ef7b20d5d28bf2d79cf9fbf659cd8d4b1
  languageName: node
  linkType: hard

"@types/node@npm:^16.0.0":
  version: 16.18.16
  resolution: "@types/node@npm:16.18.16"
  checksum: 218f5a3e99f51f6bc456ea817f89b318f7224342c7ec1ac570060aa8febe5057dcbca0fd222a3920cd0693f596f4c78b19c4f7bd92a76bee3fc3d8ea21aea7ec
  languageName: node
  linkType: hard

"argparse@npm:^1.0.7":
  version: 1.0.10
  resolution: "argparse@npm:1.0.10"
  dependencies:
    sprintf-js: "npm:~1.0.2"
  checksum: 6112e287a501a4badb8451c3b84420daa75dc4e1ac55d7ce086a492b2cf7d55f2fc0473acb62fc6af2d8013cf255d5d24734c10b4c2c6e440731644f8845c96b
  languageName: node
  linkType: hard

"asynckit@npm:^0.4.0":
  version: 0.4.0
  resolution: "asynckit@npm:0.4.0"
  checksum: e4d1381289f9effe69a4dbc18e8b4e2059113dfb23634d0f4064226042870dbc53175fbf261f982d055fa2952163a8b7608781ea58314a17bb6a2cd6815af4f1
  languageName: node
  linkType: hard

"available-typed-arrays@npm:^1.0.5":
  version: 1.0.5
  resolution: "available-typed-arrays@npm:1.0.5"
  checksum: 6b301a7ec3da82181c73101395cc915c049bbcba7e5f354809dab60c5b492440929328eeb73c07431ef8e35e6fa5af505690b20ed91f548d3bac1a456d458a78
  languageName: node
  linkType: hard

"aws-lambda@npm:^1.0.7":
  version: 1.0.7
  resolution: "aws-lambda@npm:1.0.7"
  dependencies:
    aws-sdk: "npm:^2.814.0"
    commander: "npm:^3.0.2"
    js-yaml: "npm:^3.14.1"
    watchpack: "npm:^2.0.0-beta.10"
  bin:
    lambda: bin/lambda
  checksum: d399e15f58914502566ac999a930eb47f2a291b140046ca9dafb6bed48c33337107109e7a0a3aa8fc5fea92f6a4eeddf276d5d7bb28c3c93fe966f021de8e132
  languageName: node
  linkType: hard

"aws-sdk@npm:^2.814.0":
  version: 2.1335.0
  resolution: "aws-sdk@npm:2.1335.0"
  dependencies:
    buffer: "npm:4.9.2"
    events: "npm:1.1.1"
    ieee754: "npm:1.1.13"
    jmespath: "npm:0.16.0"
    querystring: "npm:0.2.0"
    sax: "npm:1.2.1"
    url: "npm:0.10.3"
    util: "npm:^0.12.4"
    uuid: "npm:8.0.0"
    xml2js: "npm:0.4.19"
  checksum: 1bd737a3e38c3d1f31695b7e83c4d7189d2c7ffbcd8be02311bcf5672333bd72457e3ea8981fca2b50321a1c6d14e11e8f386f72809250a3e268928c1010b7da
  languageName: node
  linkType: hard

"axios@npm:^0.27.0":
  version: 0.27.2
  resolution: "axios@npm:0.27.2"
  dependencies:
    follow-redirects: "npm:^1.14.9"
    form-data: "npm:^4.0.0"
  checksum: 4cd898afe90caaf05307fc5a0da4c61012493b6bfd4937fff9774455c01d368db583b17c4737e73853f149b32e615487930b491661682a1f69a1973b1f533bb7
  languageName: node
  linkType: hard

"base64-js@npm:^1.0.2":
  version: 1.5.1
  resolution: "base64-js@npm:1.5.1"
  checksum: fbd7996978cfe0dd378103fa8999e4acee99b8840d49f452457fa8cb418bad4c20ec9ef6b196a0dc63591f0416a4b8c8d220607292cdaf3998b88685bc0f6c14
  languageName: node
  linkType: hard

"body-parser@npm:^1.20.0":
  version: 1.20.2
  resolution: "body-parser@npm:1.20.2"
  dependencies:
    bytes: "npm:3.1.2"
    content-type: "npm:~1.0.5"
    debug: "npm:2.6.9"
    depd: "npm:2.0.0"
    destroy: "npm:1.2.0"
    http-errors: "npm:2.0.0"
    iconv-lite: "npm:0.4.24"
    on-finished: "npm:2.4.1"
    qs: "npm:6.11.0"
    raw-body: "npm:2.5.2"
    type-is: "npm:~1.6.18"
    unpipe: "npm:1.0.0"
  checksum: 1584963c6e285f19b63890b10570f2e317daf8971cc8e7a603014ee14b62d29d2a1dcd3d1b896fc4f1b5b7f946bec35d7e948ba39c5cf4b4cb24fe1ffafbbf88
  languageName: node
  linkType: hard

"buffer@npm:4.9.2":
  version: 4.9.2
  resolution: "buffer@npm:4.9.2"
  dependencies:
    base64-js: "npm:^1.0.2"
    ieee754: "npm:^1.1.4"
    isarray: "npm:^1.0.0"
  checksum: baf84376f2cbef25d119e811a0f4188a8a03c2f0915d7062f3e32be1cb962a5b1bfc0bcc5f828b3203a2448b5b3beb96a40302e14133e741f476ebd59090b95e
  languageName: node
  linkType: hard

"bytes@npm:3.1.2":
  version: 3.1.2
  resolution: "bytes@npm:3.1.2"
  checksum: b9b056ed671c71c7e0f4ce7b60a0c17305d1e3e9b6c967e0e82ce85bd8fad16efa4df992177d429e253b47c45a716e6823a9d046b660b4b5b7e1e21b4801edfe
  languageName: node
  linkType: hard

"call-bind@npm:^1.0.0, call-bind@npm:^1.0.2":
  version: 1.0.2
  resolution: "call-bind@npm:1.0.2"
  dependencies:
    function-bind: "npm:^1.1.1"
    get-intrinsic: "npm:^1.0.2"
  checksum: 6fccea8a00310bf2e2b2a07aca0eddbdcd5de2eec9dfe880c1c8b0b7fd3c6809bf28aab0209aa530a35a2fba48587733521df7f83f8d5354047afed78b69a36b
  languageName: node
  linkType: hard

"chalk@npm:^5.0.0":
  version: 5.2.0
  resolution: "chalk@npm:5.2.0"
  checksum: c3c31253b9cb445ca917aab30767282a1c1951fb8d60e1e8389a3d6434eee296dae28a2b02871c89a866ed7e560438aaea4c5d290242e5fb50b5eda2b4ea4061
  languageName: node
  linkType: hard

"combined-stream@npm:^1.0.8":
  version: 1.0.8
  resolution: "combined-stream@npm:1.0.8"
  dependencies:
    delayed-stream: "npm:~1.0.0"
  checksum: c3224efc798a4f2066ff2f65c28d60b48ec73b38bf76331ecc61814875cc5c8a93beccc268ca08aaa98a141c262de5787d68685b6682b8b67ad2dadb8bd2ddd2
  languageName: node
  linkType: hard

"commander@npm:^3.0.2":
  version: 3.0.2
  resolution: "commander@npm:3.0.2"
  checksum: 3cfe9d5d30f528cca2bf0146c6d0d5e893f01684ebf3ee60736a19065edbdb74f40d5507803bbcd5984b98748f7d81ec691be964f4c472c105809d5bacdf70bb
  languageName: node
  linkType: hard

"console-log-colors@npm:^0.4.0":
  version: 0.4.0
  resolution: "console-log-colors@npm:0.4.0"
  checksum: 44d2dca81a9bb12ef74c9b31efbe325028521954364a24add945a7d1e232323a93e853a638191029df1b0ae74dee102fda5cf3300c93705187a4010a42b37630
  languageName: node
  linkType: hard

"content-type@npm:~1.0.5":
  version: 1.0.5
  resolution: "content-type@npm:1.0.5"
  checksum: aa41501a6a2040fd19cdb39ac7e077f414c269cbfa0a274dd6b2ce1ef10c8211ea11b9bf3c034ba6872fde5f16d0b234062df62ab5a773b978cce40b60e01747
  languageName: node
  linkType: hard

"darex@workspace:.":
  version: 0.0.0-use.local
  resolution: "darex@workspace:."
  dependencies:
    "@line/bot-sdk": "npm:^7.5.2"
    "@tsconfig/recommended": "npm:^1.0.2"
    "@types/aws-lambda": "npm:^8.10.119"
    "@types/node": "npm:18.16.19"
    aws-lambda: "npm:^1.0.7"
    console-log-colors: "npm:^0.4.0"
    esbuild: "npm:^0.17.19"
    http-status-codes: "npm:^2.2.0"
    log-symbols: "npm:^5.1.0"
    pretty-bytes: "npm:^6.1.0"
    typescript: "npm:^5.1.6"
  languageName: unknown
  linkType: soft

"debug@npm:2.6.9":
  version: 2.6.9
  resolution: "debug@npm:2.6.9"
  dependencies:
    ms: "npm:2.0.0"
  checksum: 143f776060e764362b11d8788c6ef7b125fe930f0b5766559c11521af6dfc256979726167a66218249d8e2f99548c1a8bdb026aad577deecc86b56b4652d4626
  languageName: node
  linkType: hard

"delayed-stream@npm:~1.0.0":
  version: 1.0.0
  resolution: "delayed-stream@npm:1.0.0"
  checksum: 22f11ed342773dbc427e84d5a972e5c67fc34a44bf80eead5a41d8697c9303ae32991e568921cbd82553deeb1b33f3d6ecc148bf0efe3789589c8cb7b0e1a53a
  languageName: node
  linkType: hard

"depd@npm:2.0.0":
  version: 2.0.0
  resolution: "depd@npm:2.0.0"
  checksum: 170e90bfa90081462303140623fdf938aeba2f066b1c7a9a1c599b257ea8127d36b9d39fad5a9d71f5282a3bb5a8ca287ce4d8c6cecd0f65e6bf3779cc6091be
  languageName: node
  linkType: hard

"destroy@npm:1.2.0":
  version: 1.2.0
  resolution: "destroy@npm:1.2.0"
  checksum: dc7c93cc92fefb26b1fd5251603da79b0289d06b6891743cb16ac11564aaf0cc985e89efb663322a39a477c4c7f2da51321bf82bb513280a12171cef63b60a21
  languageName: node
  linkType: hard

"ee-first@npm:1.1.1":
  version: 1.1.1
  resolution: "ee-first@npm:1.1.1"
  checksum: 037800fb1ddc8398702b8fdac0507da850804a43bcc623ccb7969a2ebecb384f1d0dec43dc74dc8b11eeb7652ba8fe5cba9ccce26ee6c78454b38439a5051560
  languageName: node
  linkType: hard

"esbuild@npm:^0.17.19":
  version: 0.17.19
  resolution: "esbuild@npm:0.17.19"
  dependencies:
    "@esbuild/android-arm": "npm:0.17.19"
    "@esbuild/android-arm64": "npm:0.17.19"
    "@esbuild/android-x64": "npm:0.17.19"
    "@esbuild/darwin-arm64": "npm:0.17.19"
    "@esbuild/darwin-x64": "npm:0.17.19"
    "@esbuild/freebsd-arm64": "npm:0.17.19"
    "@esbuild/freebsd-x64": "npm:0.17.19"
    "@esbuild/linux-arm": "npm:0.17.19"
    "@esbuild/linux-arm64": "npm:0.17.19"
    "@esbuild/linux-ia32": "npm:0.17.19"
    "@esbuild/linux-loong64": "npm:0.17.19"
    "@esbuild/linux-mips64el": "npm:0.17.19"
    "@esbuild/linux-ppc64": "npm:0.17.19"
    "@esbuild/linux-riscv64": "npm:0.17.19"
    "@esbuild/linux-s390x": "npm:0.17.19"
    "@esbuild/linux-x64": "npm:0.17.19"
    "@esbuild/netbsd-x64": "npm:0.17.19"
    "@esbuild/openbsd-x64": "npm:0.17.19"
    "@esbuild/sunos-x64": "npm:0.17.19"
    "@esbuild/win32-arm64": "npm:0.17.19"
    "@esbuild/win32-ia32": "npm:0.17.19"
    "@esbuild/win32-x64": "npm:0.17.19"
  dependenciesMeta:
    "@esbuild/android-arm":
      optional: true
    "@esbuild/android-arm64":
      optional: true
    "@esbuild/android-x64":
      optional: true
    "@esbuild/darwin-arm64":
      optional: true
    "@esbuild/darwin-x64":
      optional: true
    "@esbuild/freebsd-arm64":
      optional: true
    "@esbuild/freebsd-x64":
      optional: true
    "@esbuild/linux-arm":
      optional: true
    "@esbuild/linux-arm64":
      optional: true
    "@esbuild/linux-ia32":
      optional: true
    "@esbuild/linux-loong64":
      optional: true
    "@esbuild/linux-mips64el":
      optional: true
    "@esbuild/linux-ppc64":
      optional: true
    "@esbuild/linux-riscv64":
      optional: true
    "@esbuild/linux-s390x":
      optional: true
    "@esbuild/linux-x64":
      optional: true
    "@esbuild/netbsd-x64":
      optional: true
    "@esbuild/openbsd-x64":
      optional: true
    "@esbuild/sunos-x64":
      optional: true
    "@esbuild/win32-arm64":
      optional: true
    "@esbuild/win32-ia32":
      optional: true
    "@esbuild/win32-x64":
      optional: true
  bin:
    esbuild: bin/esbuild
  checksum: 6df07a802006da7bcf3135f3014fb9f45f0f8772dc76315a4cc021e616e426cf04ed247635c5beed62d66f9aafd1db28d7b01664339fa438aacc2092723980a8
  languageName: node
  linkType: hard

"esprima@npm:^4.0.0":
  version: 4.0.1
  resolution: "esprima@npm:4.0.1"
  bin:
    esparse: ./bin/esparse.js
    esvalidate: ./bin/esvalidate.js
  checksum: 08b3015538b1f7f087a4ea49b5a3d8ff9590ecf7eb43511182c9198cfe168a5cc1736c2ae33263c79cfbe9e984c1880ee971b64ad96e7c84db74488e6ee93c1b
  languageName: node
  linkType: hard

"events@npm:1.1.1":
  version: 1.1.1
  resolution: "events@npm:1.1.1"
  checksum: 40e2695b33fe7bb9d117fd3c5497339dbe7caa072fbe04c5baf51e4a2661c479ba9f6dc5e8c9613764ed6a72295b85dc46d01ec49581e2468ab3e1895ce8700c
  languageName: node
  linkType: hard

"file-type@npm:^16.5.4":
  version: 16.5.4
  resolution: "file-type@npm:16.5.4"
  dependencies:
    readable-web-to-node-stream: "npm:^3.0.0"
    strtok3: "npm:^6.2.4"
    token-types: "npm:^4.1.1"
  checksum: 1725dcafa382e31fba1021a560a81538199f6f67832e11d0e1b4b2b16a86ef550e01798a84cff3d6400ad9562f11bf656e10b116ddb8d48d3d8c09fa5ead2b8b
  languageName: node
  linkType: hard

"follow-redirects@npm:^1.14.9":
  version: 1.15.2
  resolution: "follow-redirects@npm:1.15.2"
  peerDependenciesMeta:
    debug:
      optional: true
  checksum: 930171f8b81bf00e9368df4b17f3b835934762d51192632af53a51a8a608d5510a1ffbc6da5761dce9996cdbd750740490ca844320e5ff11cdaf2329a5a69647
  languageName: node
  linkType: hard

"for-each@npm:^0.3.3":
  version: 0.3.3
  resolution: "for-each@npm:0.3.3"
  dependencies:
    is-callable: "npm:^1.1.3"
  checksum: dc4e3e28f5ee9472680b6361a85d0d27aa1e8ddbd1720dfb680020456cddc142ee7ba69145921fe12c4ec2d7740f12c1c6c7f90ecdd7ca2b39c7fcd8bc506ad6
  languageName: node
  linkType: hard

"form-data@npm:^4.0.0":
  version: 4.0.0
  resolution: "form-data@npm:4.0.0"
  dependencies:
    asynckit: "npm:^0.4.0"
    combined-stream: "npm:^1.0.8"
    mime-types: "npm:^2.1.12"
  checksum: de37c5684d843842d2cc2bc44a975d9fecdf1df30d061c90b62fc0caeeeeb45794bceaba7aa52ee5eae8ede01ba44215b26c58f41cf64271c513787b7241fce4
  languageName: node
  linkType: hard

"function-bind@npm:^1.1.1":
  version: 1.1.1
  resolution: "function-bind@npm:1.1.1"
  checksum: 8a644b8118679030cb3aeb783b024a9ee358b15c5780bdb49fe5d482f6df54672bda860e19bce87d756a5e165740caaa96f5e8487fa98933c327f631e23a5490
  languageName: node
  linkType: hard

"get-intrinsic@npm:^1.0.2, get-intrinsic@npm:^1.1.3":
  version: 1.2.0
  resolution: "get-intrinsic@npm:1.2.0"
  dependencies:
    function-bind: "npm:^1.1.1"
    has: "npm:^1.0.3"
    has-symbols: "npm:^1.0.3"
  checksum: 6db1e521478d0a0f4e61c94c23e7a731b163d2904067b1b6efcac78e8b015404883dab4acb5570517df55aab6eb23eeef6a8d7310de76d9570fcbce4a3f80b18
  languageName: node
  linkType: hard

"glob-to-regexp@npm:^0.4.1":
  version: 0.4.1
  resolution: "glob-to-regexp@npm:0.4.1"
  checksum: 8d5332e7b023069e25af4de7833bc391144926546a469c187848b4509106ffdb9815c7e1a0fae80398d682fdc4b6fcb6b91fa42b5e966018d21ff442751d2d3b
  languageName: node
  linkType: hard

"gopd@npm:^1.0.1":
  version: 1.0.1
  resolution: "gopd@npm:1.0.1"
  dependencies:
    get-intrinsic: "npm:^1.1.3"
  checksum: c29f62be0655b0fb6d12d1ba77b1a40fee46fbb80f0a27e0538b696a0ac057899dd997b5aaf3c6daa02bd51af93ec7b8fe2ef7bbb44945c1ea3cf640e4b66cf7
  languageName: node
  linkType: hard

"graceful-fs@npm:^4.1.2":
  version: 4.2.10
  resolution: "graceful-fs@npm:4.2.10"
  checksum: 6b5f9b5aeaee0459b9c37bdbf9624f788703ce291d6bf2d7751f5003942e853f232ca613aec818d1ff7622379bc8b434c635bfda99db93e0b9b8da80ec3d844d
  languageName: node
  linkType: hard

"has-symbols@npm:^1.0.2, has-symbols@npm:^1.0.3":
  version: 1.0.3
  resolution: "has-symbols@npm:1.0.3"
  checksum: 2d0abb3382da2945b1b8d9a4afebc8a0770fe07198e727b4fbd7f616c70796f040bf2bd8d6db47e0c590507812a2680594fc77f871238289f6c7870318cf62c9
  languageName: node
  linkType: hard

"has-tostringtag@npm:^1.0.0":
  version: 1.0.0
  resolution: "has-tostringtag@npm:1.0.0"
  dependencies:
    has-symbols: "npm:^1.0.2"
  checksum: b0091adb3db09932e228b5df39275018c5506ef5c5037beb691afe019919d174a79a14f1fc572e2b341e0ce3feaca49a84ed8fc331bb707325d8a7c4289cf729
  languageName: node
  linkType: hard

"has@npm:^1.0.3":
  version: 1.0.3
  resolution: "has@npm:1.0.3"
  dependencies:
    function-bind: "npm:^1.1.1"
  checksum: 3e8c4d87ccd9c160d61a5db829b5fb647acac79e482476c857d5d1dc580517c6a77cf84337808f28361f6263008ce1ce5aff44407bd9241af93c623ef8d8d4f1
  languageName: node
  linkType: hard

"http-errors@npm:2.0.0":
  version: 2.0.0
  resolution: "http-errors@npm:2.0.0"
  dependencies:
    depd: "npm:2.0.0"
    inherits: "npm:2.0.4"
    setprototypeof: "npm:1.2.0"
    statuses: "npm:2.0.1"
    toidentifier: "npm:1.0.1"
  checksum: 4ca64437169c64e448700bfc07ebaf5555bc0bb5c0880ab171a20312580af586f0c9f1bd5e9047336c84b4a31ade801ca7fe8c1c7e1d654f4ea9d5dee71dbb3c
  languageName: node
  linkType: hard

"http-status-codes@npm:^2.2.0":
  version: 2.2.0
  resolution: "http-status-codes@npm:2.2.0"
  checksum: a801f6122ead0a3a4d6a384e5464b2bb04debee1ac488566c6718893f3fc63288de3304b2d33d31212bb5a6008b108508f45881b04065d903654e1a7442c0fdf
  languageName: node
  linkType: hard

"iconv-lite@npm:0.4.24":
  version: 0.4.24
  resolution: "iconv-lite@npm:0.4.24"
  dependencies:
    safer-buffer: "npm:>= 2.1.2 < 3"
  checksum: 6cc23a171d6fe7c49ab89956a5f151dfc4db34b48b61cebe887051e35dbb9bebb25bf5e410e8c79efadfd8ed602a0f79f7d7814f77365841e0596c3136408eaf
  languageName: node
  linkType: hard

"ieee754@npm:1.1.13":
  version: 1.1.13
  resolution: "ieee754@npm:1.1.13"
  checksum: 49d53ff5f9ac31f760044f784eb30b5a3b44b005f63eaa687be3103f80b89fd8f6323f89d8276180156dedf088b2857f86998a82a6bb00d36393cf53928f3491
  languageName: node
  linkType: hard

"ieee754@npm:^1.1.4, ieee754@npm:^1.2.1":
  version: 1.2.1
  resolution: "ieee754@npm:1.2.1"
  checksum: b39fbc42879544ab1989f8ff439a3f3545d7c244a07f24607c4223291ba82ce95964a7b7fde24010ba899937046c4dfe01398c8f8bbddb53f9e562c29f18f615
  languageName: node
  linkType: hard

"inherits@npm:2.0.4, inherits@npm:^2.0.3":
  version: 2.0.4
  resolution: "inherits@npm:2.0.4"
  checksum: ca76c7e45ec715bfe6c1dd67b780b9a15068f37b37ab56cf8b773537b2654238469a42950f5f4d301212755e7512be888f627752e778e1863d95cfedefc8b8bd
  languageName: node
  linkType: hard

"is-arguments@npm:^1.0.4":
  version: 1.1.1
  resolution: "is-arguments@npm:1.1.1"
  dependencies:
    call-bind: "npm:^1.0.2"
    has-tostringtag: "npm:^1.0.0"
  checksum: 3eae41e0267725f644140c795cdcefd265f2ed9f946d4e114b4ccf1f255f42afccfb6f8d79b0124e16cf59ec05841288439435140f9a4450d701f74a271c649c
  languageName: node
  linkType: hard

"is-callable@npm:^1.1.3":
  version: 1.2.7
  resolution: "is-callable@npm:1.2.7"
  checksum: 39d7787a6cd66d620ee4e9d09bb36587c29b39f50550d27dd7bea1d0d46b2a87ad9ac2b3d11f751836f08befc20afc4cb36201de1de26aaf02f298c8c512c102
  languageName: node
  linkType: hard

"is-generator-function@npm:^1.0.7":
  version: 1.0.10
  resolution: "is-generator-function@npm:1.0.10"
  dependencies:
    has-tostringtag: "npm:^1.0.0"
  checksum: 5ddb05cd61c043348eaee42bd003d52fa2307827dd1690e6cdb6b205a6b62750f4e41d34d0a6a84793dda6dc6b147405e0ba349e631996beea00631302e36294
  languageName: node
  linkType: hard

"is-typed-array@npm:^1.1.10, is-typed-array@npm:^1.1.3":
  version: 1.1.10
  resolution: "is-typed-array@npm:1.1.10"
  dependencies:
    available-typed-arrays: "npm:^1.0.5"
    call-bind: "npm:^1.0.2"
    for-each: "npm:^0.3.3"
    gopd: "npm:^1.0.1"
    has-tostringtag: "npm:^1.0.0"
  checksum: c42bdb03b501a76c1b307f087885bc700952fe1ae1f203264c52e3eb467c8a1f69527c5285bce0898eca66a892a988b94e609ea87bcb78f663c1ab57e6286016
  languageName: node
  linkType: hard

"is-unicode-supported@npm:^1.1.0":
  version: 1.3.0
  resolution: "is-unicode-supported@npm:1.3.0"
  checksum: 649beee681fe5d53f9a84f52de4efeebcad5f3295fe9cc095f1d16759fa00b628f6e43d22e33eadeaa9754b3ba57a7123fcbce5739ff04cd288169e1fa0984b1
  languageName: node
  linkType: hard

"isarray@npm:^1.0.0":
  version: 1.0.0
  resolution: "isarray@npm:1.0.0"
  checksum: 7b41a2a80d6285328dddeecd3e45a5c73264e8ff8817bb7dc39f6f47323dfaa28e27c13918aac4aa88e48800a4f1eee2e5e966da433e06085ef0a7592dcf6880
  languageName: node
  linkType: hard

"jmespath@npm:0.16.0":
  version: 0.16.0
  resolution: "jmespath@npm:0.16.0"
  checksum: b4c55b3ad888ff23161166798db7ae28664b3913442193909df9bc2b9f13f9f9a64a0a9713bf08db477051a3af17be52715f050ad6cfe948250effa0555cb06b
  languageName: node
  linkType: hard

"js-yaml@npm:^3.14.1":
  version: 3.14.1
  resolution: "js-yaml@npm:3.14.1"
  dependencies:
    argparse: "npm:^1.0.7"
    esprima: "npm:^4.0.0"
  bin:
    js-yaml: bin/js-yaml.js
  checksum: 1e0e655c5f9917215112c31302061f425cfd33af0d617e30bb043951226b25f582bcf460b197491966ba1452a98f38bc38accc910b416b9783aa1df99af38df2
  languageName: node
  linkType: hard

"log-symbols@npm:^5.1.0":
  version: 5.1.0
  resolution: "log-symbols@npm:5.1.0"
  dependencies:
    chalk: "npm:^5.0.0"
    is-unicode-supported: "npm:^1.1.0"
  checksum: 9211e88b6345eecdd4a96ffdd95d5376d4db77ebd9e5d7f4fd9b41f536c64738bd3c68b6bb6d8ec05a16670269bc7797e0ad9cde35907f1e56fec93208f96e81
  languageName: node
  linkType: hard

"media-typer@npm:0.3.0":
  version: 0.3.0
  resolution: "media-typer@npm:0.3.0"
  checksum: 21806e15268f71b2bbf35a57b5eb9a42e14be638b8b855e210fb90282744e622f9d232f34f1cf566dc487819ce66bbb8aa6568e3267f48b12e92e2ba679838ae
  languageName: node
  linkType: hard

"mime-db@npm:1.52.0":
  version: 1.52.0
  resolution: "mime-db@npm:1.52.0"
  checksum: 95baf687a3f14ff2cc433e30dea5c4931c7f4b67059d44a0098cfb833858cad63ec13c20f98762bddd088c4e9dac6d95862db1ea9d3fe3fa68f57b69a325000d
  languageName: node
  linkType: hard

"mime-types@npm:^2.1.12, mime-types@npm:~2.1.24":
  version: 2.1.35
  resolution: "mime-types@npm:2.1.35"
  dependencies:
    mime-db: "npm:1.52.0"
  checksum: 51e3b38d1b1b83da082f7c29042bcb22036101346394696b7643ef5da27ebf6bf71643bd45225ee75e4ea2836213780efc8c3dcd2055c84b49eb0afc061419d0
  languageName: node
  linkType: hard

"ms@npm:2.0.0":
  version: 2.0.0
  resolution: "ms@npm:2.0.0"
  checksum: de027828fc294bd9673f72caecf73f50eac7baf28a0dec371de03600a0aa5a891b0cb7f84a45071eac306c9dd260aed8e2174695cf3a99eaa37f663871241da9
  languageName: node
  linkType: hard

"object-inspect@npm:^1.9.0":
  version: 1.12.3
  resolution: "object-inspect@npm:1.12.3"
  checksum: 052c374ab0a4c85201480374c1039dddac0aaa8ef0fcbe1b04026f4c832c5632db6cb63617d6403b2b9dca08d4302d781aeb6c4d0260de4a84118ecaf1b5ebda
  languageName: node
  linkType: hard

"on-finished@npm:2.4.1":
  version: 2.4.1
  resolution: "on-finished@npm:2.4.1"
  dependencies:
    ee-first: "npm:1.1.1"
  checksum: 93ad68cf985df7d5263acef0302610a63f5d28840054b8d9a085776427beec4c7ce5518274c46b302eefd43747e81f6bb7df7dc4a2a2b345c0c49f31ad344385
  languageName: node
  linkType: hard

"peek-readable@npm:^4.1.0":
  version: 4.1.0
  resolution: "peek-readable@npm:4.1.0"
  checksum: 959a969f07f92074995dd997000493270157fac464faba4abe4560f8878b94011d585bbf8bed0336fa233cacc776fd89a510f984c1b73375e6f89b6bee4775da
  languageName: node
  linkType: hard

"pretty-bytes@npm:^6.1.0":
  version: 6.1.0
  resolution: "pretty-bytes@npm:6.1.0"
  checksum: 6c2df1578394426e89388c1b482138480b9468daa618ceb8c974d0048ea3002d28dc80d61553be978aedaf67b2b2909a1d10280f9d00bb9ff693b088db44e3e1
  languageName: node
  linkType: hard

"punycode@npm:1.3.2":
  version: 1.3.2
  resolution: "punycode@npm:1.3.2"
  checksum: 55b7339478c7e0debfd563c404beb7c9af30f24e191bd728688523cf1dd901977acdb8bd9c6e1005d3d2fc0f40c7f907006735b139ad1cf595c16e071a1fd65a
  languageName: node
  linkType: hard

"qs@npm:6.11.0":
  version: 6.11.0
  resolution: "qs@npm:6.11.0"
  dependencies:
    side-channel: "npm:^1.0.4"
  checksum: 337966e2e957a7d2a69821c528f3d18a8b346ddb0f16cc08d11c6206aed3b6624927781ff437aa3909e54ad32ebdee2c5396ad4094b1c722760774f7082f6124
  languageName: node
  linkType: hard

"querystring@npm:0.2.0":
  version: 0.2.0
  resolution: "querystring@npm:0.2.0"
  checksum: 5804c20d7ebf914b26b9fe3c9a4b4b3104d7ee803106ac7bd35b9edffdcd844ca3d4aceaf5e0b39654b6939ceeadebafb3a3975346cf98f7accea19aa97f04fa
  languageName: node
  linkType: hard

"raw-body@npm:2.5.2":
  version: 2.5.2
  resolution: "raw-body@npm:2.5.2"
  dependencies:
    bytes: "npm:3.1.2"
    http-errors: "npm:2.0.0"
    iconv-lite: "npm:0.4.24"
    unpipe: "npm:1.0.0"
  checksum: 409733b2b8e85008488eaec74dc09d7ae676a38cc543d3129c2696970056f733aa4819875dfc415d8f3e5e98e792c7378c9b10c2340ecc6405b74916cf33f63d
  languageName: node
  linkType: hard

"readable-stream@npm:^3.6.0":
  version: 3.6.2
  resolution: "readable-stream@npm:3.6.2"
  dependencies:
    inherits: "npm:^2.0.3"
    string_decoder: "npm:^1.1.1"
    util-deprecate: "npm:^1.0.1"
  checksum: b1cbe0fea6b407fc75bfbe4f6c54d48899e638d54a8a1207b5040c60566dd5f65059b32c3edf0ac0ce621ea46929b3337e8a19410870eff98b8be5a3ba543b7a
  languageName: node
  linkType: hard

"readable-web-to-node-stream@npm:^3.0.0":
  version: 3.0.2
  resolution: "readable-web-to-node-stream@npm:3.0.2"
  dependencies:
    readable-stream: "npm:^3.6.0"
  checksum: 16baa48b420bdc395f30c82564676b820d7b4f83f7420d958970dbf765098a4b5d7950180b828d5b7f7eea27fedc05f35b116bee530c6ce990310ea501d7c42c
  languageName: node
  linkType: hard

"safe-buffer@npm:~5.2.0":
  version: 5.2.1
  resolution: "safe-buffer@npm:5.2.1"
  checksum: da8a21b3336a21c152eb3ba8ab41acde5772644f026d4b6e5f9fd8afa4f0cf407c113b19a362580fab9aea8beea295465432fc7684f9ff38aac559bb1b5528cd
  languageName: node
  linkType: hard

"safer-buffer@npm:>= 2.1.2 < 3":
  version: 2.1.2
  resolution: "safer-buffer@npm:2.1.2"
  checksum: d4199666e9e792968c0b88c2c35dd400f56d3eecb9affbcf5207922822eadf30cc06995bae3c5d0a653851bbd40fc0af578bf046bbf734199ce22433ba4da659
  languageName: node
  linkType: hard

"sax@npm:1.2.1":
  version: 1.2.1
  resolution: "sax@npm:1.2.1"
  checksum: 379d2760898397b9d026ed5d465125c135d4e8a1be6309764f4d9aeddd593cd38e2d5e0bb998ec80e5021e24a89a57644eae19e23463c6807d4c0ca76295c225
  languageName: node
  linkType: hard

"sax@npm:>=0.6.0":
  version: 1.2.4
  resolution: "sax@npm:1.2.4"
  checksum: 2917c3ef3cab1307aa14036705b599c7fd1b51756189e67bd1f23193cdc5ceac9bd59104830542cfb6326febfd1dce73acc08fecfa615c4c920c94a9a6ccbda4
  languageName: node
  linkType: hard

"setprototypeof@npm:1.2.0":
  version: 1.2.0
  resolution: "setprototypeof@npm:1.2.0"
  checksum: ba389f4722581d9070df0a323a29501254594a97fee0e9308e73372f9856dbdb37fff71a0fef1e31c48901384544260d12925b791477e0101d7a68a6e28c23cf
  languageName: node
  linkType: hard

"side-channel@npm:^1.0.4":
  version: 1.0.4
  resolution: "side-channel@npm:1.0.4"
  dependencies:
    call-bind: "npm:^1.0.0"
    get-intrinsic: "npm:^1.0.2"
    object-inspect: "npm:^1.9.0"
  checksum: d712a4e682471c1a1c7bf9294a8bb0f066566e016de11fdb01ae0c0ebf8102c97cc2b2d3b0264ca377eb2d3444bf4c06909392c518a162f047b7444608e0e9a2
  languageName: node
  linkType: hard

"sprintf-js@npm:~1.0.2":
  version: 1.0.3
  resolution: "sprintf-js@npm:1.0.3"
  checksum: 3e0738f581ab5582868689318a4987ea532cdf220266c1af6fdc5a5091f5c4e758fe3fed9125ac82ed91119ec2cbe0762c0e069b59b929bf70e8bbbf879e56e5
  languageName: node
  linkType: hard

"statuses@npm:2.0.1":
  version: 2.0.1
  resolution: "statuses@npm:2.0.1"
  checksum: a7e9d41901245a442e77b339f715d77ac113c03ab9434d9f81ae45d75ed3437d9824e601ae1a834ad3e471ae3fc78d3c00decec5e826c91552a58d4c38833ecf
  languageName: node
  linkType: hard

"string_decoder@npm:^1.1.1":
  version: 1.3.0
  resolution: "string_decoder@npm:1.3.0"
  dependencies:
    safe-buffer: "npm:~5.2.0"
  checksum: c6b892bdb15861a68c4f9599bdff3909c70b1a2cee73d226a235b8fbadfc0aa060bdd265cb3fd86e856cee6d98cd0d657f84098cb51241f4fae19d0cacf9e13e
  languageName: node
  linkType: hard

"strtok3@npm:^6.2.4":
  version: 6.3.0
  resolution: "strtok3@npm:6.3.0"
  dependencies:
    "@tokenizer/token": "npm:^0.3.0"
    peek-readable: "npm:^4.1.0"
  checksum: 6455c210e2b4ca02f1bcd940a206331e95c8b24ea17bddb9378b5c77dfce328a074a39bac7369e93b3dd1088c935078c3e192034e826975fce2f06d65eeb6318
  languageName: node
  linkType: hard

"toidentifier@npm:1.0.1":
  version: 1.0.1
  resolution: "toidentifier@npm:1.0.1"
  checksum: ed889234ceb442c0d5f87ab3f2a8fc0679800baa41766c0d9ce1bb82c700052fd6cf5d1656e1304de13d7a7d5974962fedc1bbe9a0e4686c3d8743c716c7dd5f
  languageName: node
  linkType: hard

"token-types@npm:^4.1.1":
  version: 4.2.1
  resolution: "token-types@npm:4.2.1"
  dependencies:
    "@tokenizer/token": "npm:^0.3.0"
    ieee754: "npm:^1.2.1"
  checksum: dfa2cfc841e428c5ce8c64452ac0cfdc134474614dae3fcb7538f81dae2fb29061b62ecd1841333934714613b6a6e479863b03fe67741702130caa420f5c71ff
  languageName: node
  linkType: hard

"type-is@npm:~1.6.18":
  version: 1.6.18
  resolution: "type-is@npm:1.6.18"
  dependencies:
    media-typer: "npm:0.3.0"
    mime-types: "npm:~2.1.24"
  checksum: 1cf58e1d0c2129201bee6abe8029f5dda621f86a1094955b6510c9baf879a45f725b2e19c7dc1f04a623a0edd8f3cc39cc4d4899287c805b6b1177c961f46564
  languageName: node
  linkType: hard

"typescript@npm:^5.1.6":
  version: 5.1.6
  resolution: "typescript@npm:5.1.6"
  bin:
    tsc: bin/tsc
    tsserver: bin/tsserver
  checksum: fffaefc0d48e7f505ac42e314628b3cd41b2a69428e0ecc158db84af36a0565d4cfdd337ea8f7933cccf1556b08170e4389ee07974ff9f55f86d01342b1951ec
  languageName: node
  linkType: hard

"typescript@patch:typescript@npm%3A^5.1.6#optional!builtin<compat/typescript>":
  version: 5.1.6
  resolution: "typescript@patch:typescript@npm%3A5.1.6#optional!builtin<compat/typescript>::version=5.1.6&hash=b5f058"
  bin:
    tsc: bin/tsc
    tsserver: bin/tsserver
  checksum: 3eef948e10c71b96172ebce471c031d3b7afb12a48feeacbadac1876c0b4e9b0c0fc1677bef53d41664970a174a9ee02f9d09be260281571c90e8ef4e22574cf
  languageName: node
  linkType: hard

"unpipe@npm:1.0.0":
  version: 1.0.0
  resolution: "unpipe@npm:1.0.0"
  checksum: 0504c357ea2fced264cd144bb1c3e44515a22ea8003eb3c35d3dabcb67181b023febec6bfa6fc6d863877bc556ae5939ede1c26d81a7dfd4a8f06b16bd091ea5
  languageName: node
  linkType: hard

"url@npm:0.10.3":
  version: 0.10.3
  resolution: "url@npm:0.10.3"
  dependencies:
    punycode: "npm:1.3.2"
    querystring: "npm:0.2.0"
  checksum: 23ffc82bea6e5635bfcdbf550abf43583c14a12cda6274aedaebba501d97ea5c96c872bdb7486d202f142c84e3f5034b70d2662e15522aca3cedf57da6879c17
  languageName: node
  linkType: hard

"util-deprecate@npm:^1.0.1":
  version: 1.0.2
  resolution: "util-deprecate@npm:1.0.2"
  checksum: 6a88ed8344d07f2324b304ee36def365d967953b5a9c15baa3213eb3909e86a7da1ee70a4c2133e80c23d6c1987590e9c3c57d874e20a124f9e41620b462fa57
  languageName: node
  linkType: hard

"util@npm:^0.12.4":
  version: 0.12.5
  resolution: "util@npm:0.12.5"
  dependencies:
    inherits: "npm:^2.0.3"
    is-arguments: "npm:^1.0.4"
    is-generator-function: "npm:^1.0.7"
    is-typed-array: "npm:^1.1.3"
    which-typed-array: "npm:^1.1.2"
  checksum: b64a6d3e8ab48037b0f3fb38b6df96e180ab8c430d49386be8444fa2402f26450239bc1fd13aa29c02f3165be380f01aaf88eadb284e77f14df63664a5536e92
  languageName: node
  linkType: hard

"uuid@npm:8.0.0":
  version: 8.0.0
  resolution: "uuid@npm:8.0.0"
  bin:
    uuid: dist/bin/uuid
  checksum: 9227738621263f66c5241bb82b66b59d648579ee4da79ad96cae0dc4a9255f293dd6741fe24a7e38693829e15576988d55f5d36e37a291d2da0596883b748cb0
  languageName: node
  linkType: hard

"watchpack@npm:^2.0.0-beta.10":
  version: 2.4.0
  resolution: "watchpack@npm:2.4.0"
  dependencies:
    glob-to-regexp: "npm:^0.4.1"
    graceful-fs: "npm:^4.1.2"
  checksum: f5fd095d2b5b201e2f70c74d3ea187e3b679aaf0a871b8df5390bc9c7eff61c0d80b34a058293bdc4e2ac1b8689fa7d2df1c42aae4001aecd416c6d1d2271705
  languageName: node
  linkType: hard

"which-typed-array@npm:^1.1.2":
  version: 1.1.9
  resolution: "which-typed-array@npm:1.1.9"
  dependencies:
    available-typed-arrays: "npm:^1.0.5"
    call-bind: "npm:^1.0.2"
    for-each: "npm:^0.3.3"
    gopd: "npm:^1.0.1"
    has-tostringtag: "npm:^1.0.0"
    is-typed-array: "npm:^1.1.10"
  checksum: 09e7fe714cb797daf3a35f3499b9f7c969b1296ac0d40d68256f2b70f747a728ad5385b1fb3e7514e26bad3d5ca550a13a80e1a7b22b7e9e12872c46ecb6c4a7
  languageName: node
  linkType: hard

"xml2js@npm:0.4.19":
  version: 0.4.19
  resolution: "xml2js@npm:0.4.19"
  dependencies:
    sax: "npm:>=0.6.0"
    xmlbuilder: "npm:~9.0.1"
  checksum: e87c048df9b19865a45cbe0d2f17e85541899f69583a96235d40e11d5704bf4be64c7878ce1789fd88998a19542dd071bdcb165fcad280111a84a3e07b7652ed
  languageName: node
  linkType: hard

"xmlbuilder@npm:~9.0.1":
  version: 9.0.7
  resolution: "xmlbuilder@npm:9.0.7"
  checksum: 60655b10dfae8b8eeb7fdd25b0aae33cceabedcfb45b61a090c9ce07d3e8800146fc78cd6513e3e2f2697b9ff19bf60a695cf9d3818147e6dd2fb4db5cdb0065
  languageName: node
  linkType: hard
